// !$*UTF8*$!
{
	archiveVersion = 1;
	classes = {
	};
	objectVersion = 60;
	objects = {
		3B0A1A1C2C4F5D6E /* PBXBuildFile */ = {
			isa = PBXBuildFile;
			fileRef = 3B0A1A1B2C4F5D6D /* ContentView.swift */;
		};
		3B0A1A1B2C4F5D6D /* ContentView.swift */ = {
			isa = PBXFileReference;
			lastKnownFileType = sourcecode.swift;
			path = ContentView.swift;
			sourceTree = "<group>";
		};
	};
	rootObject = 3B0A1A002C4F5D00 /* Project object */;
	rootObjectComment = "Project object";
}
